
Microsoft Visual Studio Solution File, Format Version 12.00
# Visual Studio Version 17
VisualStudioVersion = 17.6.33815.320
MinimumVisualStudioVersion = 10.0.40219.1
Project("{FAE04EC0-301F-11D3-BF4B-00C04F79EFBC}") = "ConsoleApp47", "ConsoleApp47.csproj", "{5A2EAD53-C2C4-495B-B40C-42C437366299}"
EndProject
Global
	GlobalSection(SolutionConfigurationPlatforms) = preSolution
		Debug|Any CPU = Debug|Any CPU
		Release|Any CPU = Release|Any CPU
	EndGlobalSection
	GlobalSection(ProjectConfigurationPlatforms) = postSolution
		{5A2EAD53-C2C4-495B-B40C-42C437366299}.Debug|Any CPU.ActiveCfg = Debug|Any CPU
		{5A2EAD53-C2C4-495B-B40C-42C437366299}.Debug|Any CPU.Build.0 = Debug|Any CPU
		{5A2EAD53-C2C4-495B-B40C-42C437366299}.Release|Any CPU.ActiveCfg = Release|Any CPU
		{5A2EAD53-C2C4-495B-B40C-42C437366299}.Release|Any CPU.Build.0 = Release|Any CPU
	EndGlobalSection
	GlobalSection(SolutionProperties) = preSolution
		HideSolutionNode = FALSE
	EndGlobalSection
	GlobalSection(ExtensibilityGlobals) = postSolution
		SolutionGuid = {AD5728E4-463D-4C26-92A0-2B6131CCD908}
	EndGlobalSection
EndGlobal
